
Microsoft Visual Studio Solution File, Format Version 12.00
# Visual Studio Version 17
VisualStudioVersion = 17.6.33815.320
MinimumVisualStudioVersion = 10.0.40219.1
Project("{FAE04EC0-301F-11D3-BF4B-00C04F79EFBC}") = "oop3_uygavazifa", "oop3_uygavazifa.csproj", "{661C3A29-CBDB-437E-9315-FA472DFB3F40}"
EndProject
Global
	GlobalSection(SolutionConfigurationPlatforms) = preSolution
		Debug|Any CPU = Debug|Any CPU
		Release|Any CPU = Release|Any CPU
	EndGlobalSection
	GlobalSection(ProjectConfigurationPlatforms) = postSolution
		{661C3A29-CBDB-437E-9315-FA472DFB3F40}.Debug|Any CPU.ActiveCfg = Debug|Any CPU
		{661C3A29-CBDB-437E-9315-FA472DFB3F40}.Debug|Any CPU.Build.0 = Debug|Any CPU
		{661C3A29-CBDB-437E-9315-FA472DFB3F40}.Release|Any CPU.ActiveCfg = Release|Any CPU
		{661C3A29-CBDB-437E-9315-FA472DFB3F40}.Release|Any CPU.Build.0 = Release|Any CPU
	EndGlobalSection
	GlobalSection(SolutionProperties) = preSolution
		HideSolutionNode = FALSE
	EndGlobalSection
	GlobalSection(ExtensibilityGlobals) = postSolution
		SolutionGuid = {D95EC849-3439-430B-8709-FB342C6C9072}
	EndGlobalSection
EndGlobal
